
Microsoft Visual Studio Solution File, Format Version 12.00
# Visual Studio Version 17
VisualStudioVersion = 17.6.33723.286
MinimumVisualStudioVersion = 10.0.40219.1
Project("{FAE04EC0-301F-11D3-BF4B-00C04F79EFBC}") = "WebApplication6", "WebApplication6\WebApplication6.csproj", "{C0C7664F-19B8-4D3B-A0A0-7A9CF6A4A6DE}"
EndProject
Project("{FAE04EC0-301F-11D3-BF4B-00C04F79EFBC}") = "Project.Data", "ClassLibrary1\Project.Data.csproj", "{5AD92816-A26D-4E8C-8673-C7AD551CDEF2}"
EndProject
Project("{FAE04EC0-301F-11D3-BF4B-00C04F79EFBC}") = "Project.Service", "Project.Service\Project.Service.csproj", "{EEAEA91D-8928-4FA4-A4BC-D04BBCBFE5F4}"
EndProject
Global
	GlobalSection(SolutionConfigurationPlatforms) = preSolution
		Debug|Any CPU = Debug|Any CPU
		Release|Any CPU = Release|Any CPU
	EndGlobalSection
	GlobalSection(ProjectConfigurationPlatforms) = postSolution
		{C0C7664F-19B8-4D3B-A0A0-7A9CF6A4A6DE}.Debug|Any CPU.ActiveCfg = Debug|Any CPU
		{C0C7664F-19B8-4D3B-A0A0-7A9CF6A4A6DE}.Debug|Any CPU.Build.0 = Debug|Any CPU
		{C0C7664F-19B8-4D3B-A0A0-7A9CF6A4A6DE}.Release|Any CPU.ActiveCfg = Release|Any CPU
		{C0C7664F-19B8-4D3B-A0A0-7A9CF6A4A6DE}.Release|Any CPU.Build.0 = Release|Any CPU
		{5AD92816-A26D-4E8C-8673-C7AD551CDEF2}.Debug|Any CPU.ActiveCfg = Debug|Any CPU
		{5AD92816-A26D-4E8C-8673-C7AD551CDEF2}.Debug|Any CPU.Build.0 = Debug|Any CPU
		{5AD92816-A26D-4E8C-8673-C7AD551CDEF2}.Release|Any CPU.ActiveCfg = Release|Any CPU
		{5AD92816-A26D-4E8C-8673-C7AD551CDEF2}.Release|Any CPU.Build.0 = Release|Any CPU
		{EEAEA91D-8928-4FA4-A4BC-D04BBCBFE5F4}.Debug|Any CPU.ActiveCfg = Debug|Any CPU
		{EEAEA91D-8928-4FA4-A4BC-D04BBCBFE5F4}.Debug|Any CPU.Build.0 = Debug|Any CPU
		{EEAEA91D-8928-4FA4-A4BC-D04BBCBFE5F4}.Release|Any CPU.ActiveCfg = Release|Any CPU
		{EEAEA91D-8928-4FA4-A4BC-D04BBCBFE5F4}.Release|Any CPU.Build.0 = Release|Any CPU
	EndGlobalSection
	GlobalSection(SolutionProperties) = preSolution
		HideSolutionNode = FALSE
	EndGlobalSection
	GlobalSection(ExtensibilityGlobals) = postSolution
		SolutionGuid = {9FCD5660-2696-4E12-98CA-DF7F8689B366}
	EndGlobalSection
EndGlobal
